
Microsoft Visual Studio Solution File, Format Version 12.00
# Visual Studio Version 17
VisualStudioVersion = 17.5.33627.172
MinimumVisualStudioVersion = 10.0.40219.1
Project("{FAE04EC0-301F-11D3-BF4B-00C04F79EFBC}") = "HueFestivalTicketOnline", "HueFestivalTicketOnline\HueFestivalTicketOnline.csproj", "{4C4C4811-874D-44A8-A586-E720239C2BB2}"
EndProject
Global
	GlobalSection(SolutionConfigurationPlatforms) = preSolution
		Debug|Any CPU = Debug|Any CPU
		Release|Any CPU = Release|Any CPU
	EndGlobalSection
	GlobalSection(ProjectConfigurationPlatforms) = postSolution
		{4C4C4811-874D-44A8-A586-E720239C2BB2}.Debug|Any CPU.ActiveCfg = Debug|Any CPU
		{4C4C4811-874D-44A8-A586-E720239C2BB2}.Debug|Any CPU.Build.0 = Debug|Any CPU
		{4C4C4811-874D-44A8-A586-E720239C2BB2}.Release|Any CPU.ActiveCfg = Release|Any CPU
		{4C4C4811-874D-44A8-A586-E720239C2BB2}.Release|Any CPU.Build.0 = Release|Any CPU
	EndGlobalSection
	GlobalSection(SolutionProperties) = preSolution
		HideSolutionNode = FALSE
	EndGlobalSection
	GlobalSection(ExtensibilityGlobals) = postSolution
		SolutionGuid = {9CC68108-BA39-404C-8035-A826B160B27B}
	EndGlobalSection
EndGlobal
